
Microsoft Visual Studio Solution File, Format Version 12.00
# Visual Studio 15
VisualStudioVersion = 15.0.27703.2042
MinimumVisualStudioVersion = 10.0.40219.1
Project("{FAE04EC0-301F-11D3-BF4B-00C04F79EFBC}") = "Sample", "Sample\Sample.csproj", "{DE7E8BC8-4DD0-4C22-8AC8-AB4853AA4F6E}"
EndProject
Project("{FAE04EC0-301F-11D3-BF4B-00C04F79EFBC}") = "Sample.Infrastructure", "Sample.Infrastructure\Sample.Infrastructure.csproj", "{D654AC85-A62B-4FCA-8CBD-18AC7E3A8EFD}"
EndProject
Project("{2150E333-8FDC-42A3-9474-1A3956D46DE8}") = "Modules", "Modules", "{6C7047AA-6F2E-42CF-9049-BBA55028BD8E}"
EndProject
Project("{FAE04EC0-301F-11D3-BF4B-00C04F79EFBC}") = "Sample.Modules.Binding", "Sample.Modules.Binding\Sample.Modules.Binding.csproj", "{A5F4E997-3FE7-4A95-AB36-065E0F989278}"
EndProject
Project("{FAE04EC0-301F-11D3-BF4B-00C04F79EFBC}") = "Sample.Modules.PassingData", "Sample.Modules.PassingData\Sample.Modules.PassingData.csproj", "{9D104759-8F1B-48AC-827C-393D393C748E}"
EndProject
Project("{FAE04EC0-301F-11D3-BF4B-00C04F79EFBC}") = "Sample.Modules.Command", "Sample.Modules.Command\Sample.Modules.Command.csproj", "{4F985FBC-5696-4809-A1C6-09F3B6C72B0D}"
EndProject
Project("{FAE04EC0-301F-11D3-BF4B-00C04F79EFBC}") = "Sample.Modules.Interaction", "Sample.Modules.Interaction\Sample.Modules.Interaction.csproj", "{F9FD982A-6B2A-4AA8-840C-B8BA476BA135}"
EndProject
Project("{FAE04EC0-301F-11D3-BF4B-00C04F79EFBC}") = "Sample.Modules.Popup", "Sample.Modules.Popup\Sample.Modules.Popup.csproj", "{A219DF0A-945B-455B-A9A6-4F203A70F1A3}"
EndProject
Project("{FAE04EC0-301F-11D3-BF4B-00C04F79EFBC}") = "Sample.Modules.Dummy", "Sample.Modules.Dummy\Sample.Modules.Dummy.csproj", "{59F65241-76E5-46D6-BA2E-C0A3384FCBD8}"
EndProject
Global
	GlobalSection(SolutionConfigurationPlatforms) = preSolution
		Debug|Any CPU = Debug|Any CPU
		Release|Any CPU = Release|Any CPU
	EndGlobalSection
	GlobalSection(ProjectConfigurationPlatforms) = postSolution
		{DE7E8BC8-4DD0-4C22-8AC8-AB4853AA4F6E}.Debug|Any CPU.ActiveCfg = Debug|Any CPU
		{DE7E8BC8-4DD0-4C22-8AC8-AB4853AA4F6E}.Debug|Any CPU.Build.0 = Debug|Any CPU
		{DE7E8BC8-4DD0-4C22-8AC8-AB4853AA4F6E}.Release|Any CPU.ActiveCfg = Release|Any CPU
		{DE7E8BC8-4DD0-4C22-8AC8-AB4853AA4F6E}.Release|Any CPU.Build.0 = Release|Any CPU
		{D654AC85-A62B-4FCA-8CBD-18AC7E3A8EFD}.Debug|Any CPU.ActiveCfg = Debug|Any CPU
		{D654AC85-A62B-4FCA-8CBD-18AC7E3A8EFD}.Debug|Any CPU.Build.0 = Debug|Any CPU
		{D654AC85-A62B-4FCA-8CBD-18AC7E3A8EFD}.Release|Any CPU.ActiveCfg = Release|Any CPU
		{D654AC85-A62B-4FCA-8CBD-18AC7E3A8EFD}.Release|Any CPU.Build.0 = Release|Any CPU
		{A5F4E997-3FE7-4A95-AB36-065E0F989278}.Debug|Any CPU.ActiveCfg = Debug|Any CPU
		{A5F4E997-3FE7-4A95-AB36-065E0F989278}.Debug|Any CPU.Build.0 = Debug|Any CPU
		{A5F4E997-3FE7-4A95-AB36-065E0F989278}.Release|Any CPU.ActiveCfg = Release|Any CPU
		{A5F4E997-3FE7-4A95-AB36-065E0F989278}.Release|Any CPU.Build.0 = Release|Any CPU
		{9D104759-8F1B-48AC-827C-393D393C748E}.Debug|Any CPU.ActiveCfg = Debug|Any CPU
		{9D104759-8F1B-48AC-827C-393D393C748E}.Debug|Any CPU.Build.0 = Debug|Any CPU
		{9D104759-8F1B-48AC-827C-393D393C748E}.Release|Any CPU.ActiveCfg = Release|Any CPU
		{9D104759-8F1B-48AC-827C-393D393C748E}.Release|Any CPU.Build.0 = Release|Any CPU
		{4F985FBC-5696-4809-A1C6-09F3B6C72B0D}.Debug|Any CPU.ActiveCfg = Debug|Any CPU
		{4F985FBC-5696-4809-A1C6-09F3B6C72B0D}.Debug|Any CPU.Build.0 = Debug|Any CPU
		{4F985FBC-5696-4809-A1C6-09F3B6C72B0D}.Release|Any CPU.ActiveCfg = Release|Any CPU
		{4F985FBC-5696-4809-A1C6-09F3B6C72B0D}.Release|Any CPU.Build.0 = Release|Any CPU
		{F9FD982A-6B2A-4AA8-840C-B8BA476BA135}.Debug|Any CPU.ActiveCfg = Debug|Any CPU
		{F9FD982A-6B2A-4AA8-840C-B8BA476BA135}.Debug|Any CPU.Build.0 = Debug|Any CPU
		{F9FD982A-6B2A-4AA8-840C-B8BA476BA135}.Release|Any CPU.ActiveCfg = Release|Any CPU
		{F9FD982A-6B2A-4AA8-840C-B8BA476BA135}.Release|Any CPU.Build.0 = Release|Any CPU
		{A219DF0A-945B-455B-A9A6-4F203A70F1A3}.Debug|Any CPU.ActiveCfg = Debug|Any CPU
		{A219DF0A-945B-455B-A9A6-4F203A70F1A3}.Debug|Any CPU.Build.0 = Debug|Any CPU
		{A219DF0A-945B-455B-A9A6-4F203A70F1A3}.Release|Any CPU.ActiveCfg = Release|Any CPU
		{A219DF0A-945B-455B-A9A6-4F203A70F1A3}.Release|Any CPU.Build.0 = Release|Any CPU
		{59F65241-76E5-46D6-BA2E-C0A3384FCBD8}.Debug|Any CPU.ActiveCfg = Debug|Any CPU
		{59F65241-76E5-46D6-BA2E-C0A3384FCBD8}.Debug|Any CPU.Build.0 = Debug|Any CPU
		{59F65241-76E5-46D6-BA2E-C0A3384FCBD8}.Release|Any CPU.ActiveCfg = Release|Any CPU
		{59F65241-76E5-46D6-BA2E-C0A3384FCBD8}.Release|Any CPU.Build.0 = Release|Any CPU
	EndGlobalSection
	GlobalSection(SolutionProperties) = preSolution
		HideSolutionNode = FALSE
	EndGlobalSection
	GlobalSection(NestedProjects) = preSolution
		{A5F4E997-3FE7-4A95-AB36-065E0F989278} = {6C7047AA-6F2E-42CF-9049-BBA55028BD8E}
		{9D104759-8F1B-48AC-827C-393D393C748E} = {6C7047AA-6F2E-42CF-9049-BBA55028BD8E}
		{4F985FBC-5696-4809-A1C6-09F3B6C72B0D} = {6C7047AA-6F2E-42CF-9049-BBA55028BD8E}
		{F9FD982A-6B2A-4AA8-840C-B8BA476BA135} = {6C7047AA-6F2E-42CF-9049-BBA55028BD8E}
		{A219DF0A-945B-455B-A9A6-4F203A70F1A3} = {6C7047AA-6F2E-42CF-9049-BBA55028BD8E}
		{59F65241-76E5-46D6-BA2E-C0A3384FCBD8} = {6C7047AA-6F2E-42CF-9049-BBA55028BD8E}
	EndGlobalSection
	GlobalSection(ExtensibilityGlobals) = postSolution
		SolutionGuid = {2C5556BB-450D-4EFD-8592-B2CC92BB26B6}
	EndGlobalSection
EndGlobal
